
Microsoft Visual Studio Solution File, Format Version 12.00
# Visual Studio Version 17
VisualStudioVersion = 17.14.37012.4 d17.14
MinimumVisualStudioVersion = 10.0.40219.1
Project("{FAE04EC0-301F-11D3-BF4B-00C04F79EFBC}") = "area_calculator", "area_calculator.csproj", "{4DC92FE6-BA5C-4273-935A-E101F937D888}"
EndProject
Global
	GlobalSection(SolutionConfigurationPlatforms) = preSolution
		Debug|Any CPU = Debug|Any CPU
		Release|Any CPU = Release|Any CPU
	EndGlobalSection
	GlobalSection(ProjectConfigurationPlatforms) = postSolution
		{4DC92FE6-BA5C-4273-935A-E101F937D888}.Debug|Any CPU.ActiveCfg = Debug|Any CPU
		{4DC92FE6-BA5C-4273-935A-E101F937D888}.Debug|Any CPU.Build.0 = Debug|Any CPU
		{4DC92FE6-BA5C-4273-935A-E101F937D888}.Release|Any CPU.ActiveCfg = Release|Any CPU
		{4DC92FE6-BA5C-4273-935A-E101F937D888}.Release|Any CPU.Build.0 = Release|Any CPU
	EndGlobalSection
	GlobalSection(SolutionProperties) = preSolution
		HideSolutionNode = FALSE
	EndGlobalSection
	GlobalSection(ExtensibilityGlobals) = postSolution
		SolutionGuid = {F4CB5387-6B61-43EC-A958-BED3BE33B118}
	EndGlobalSection
EndGlobal
